
Microsoft Visual Studio Solution File, Format Version 12.00
# Visual Studio Version 17
VisualStudioVersion = 17.9.34728.123
MinimumVisualStudioVersion = 10.0.40219.1
Project("{FAE04EC0-301F-11D3-BF4B-00C04F79EFBC}") = "CrudRepositoryPatternDiEf", "CrudRepositoryPatternDiEf\CrudRepositoryPatternDiEf.csproj", "{6CD4E81E-A03D-4DBD-A2E0-97C95F65893B}"
EndProject
Global
	GlobalSection(SolutionConfigurationPlatforms) = preSolution
		Debug|Any CPU = Debug|Any CPU
		Release|Any CPU = Release|Any CPU
	EndGlobalSection
	GlobalSection(ProjectConfigurationPlatforms) = postSolution
		{6CD4E81E-A03D-4DBD-A2E0-97C95F65893B}.Debug|Any CPU.ActiveCfg = Debug|Any CPU
		{6CD4E81E-A03D-4DBD-A2E0-97C95F65893B}.Debug|Any CPU.Build.0 = Debug|Any CPU
		{6CD4E81E-A03D-4DBD-A2E0-97C95F65893B}.Release|Any CPU.ActiveCfg = Release|Any CPU
		{6CD4E81E-A03D-4DBD-A2E0-97C95F65893B}.Release|Any CPU.Build.0 = Release|Any CPU
	EndGlobalSection
	GlobalSection(SolutionProperties) = preSolution
		HideSolutionNode = FALSE
	EndGlobalSection
	GlobalSection(ExtensibilityGlobals) = postSolution
		SolutionGuid = {77DE1FCA-525F-40A8-A2CA-F8CD64BD94CF}
	EndGlobalSection
EndGlobal
